
Microsoft Visual Studio Solution File, Format Version 12.00
# Visual Studio Version 17
VisualStudioVersion = 17.13.35825.156 d17.13
MinimumVisualStudioVersion = 10.0.40219.1
Project("{FAE04EC0-301F-11D3-BF4B-00C04F79EFBC}") = "MedCenter-API-CSharp", "MedCenter-API-CSharp\MedCenter-API-CSharp.csproj", "{3EB752A6-07C1-4059-87C5-8F22D46F8871}"
EndProject
Global
	GlobalSection(SolutionConfigurationPlatforms) = preSolution
		Debug|Any CPU = Debug|Any CPU
		Release|Any CPU = Release|Any CPU
	EndGlobalSection
	GlobalSection(ProjectConfigurationPlatforms) = postSolution
		{3EB752A6-07C1-4059-87C5-8F22D46F8871}.Debug|Any CPU.ActiveCfg = Debug|Any CPU
		{3EB752A6-07C1-4059-87C5-8F22D46F8871}.Debug|Any CPU.Build.0 = Debug|Any CPU
		{3EB752A6-07C1-4059-87C5-8F22D46F8871}.Release|Any CPU.ActiveCfg = Release|Any CPU
		{3EB752A6-07C1-4059-87C5-8F22D46F8871}.Release|Any CPU.Build.0 = Release|Any CPU
	EndGlobalSection
	GlobalSection(SolutionProperties) = preSolution
		HideSolutionNode = FALSE
	EndGlobalSection
	GlobalSection(ExtensibilityGlobals) = postSolution
		SolutionGuid = {4C7755DE-BDC0-4E6B-835C-5DEC684247A9}
	EndGlobalSection
EndGlobal
